
Microsoft Visual Studio Solution File, Format Version 12.00
# Visual Studio Version 17
VisualStudioVersion = 17.3.32901.215
MinimumVisualStudioVersion = 10.0.40219.1
Project("{FAE04EC0-301F-11D3-BF4B-00C04F79EFBC}") = "TemperaturIfElseWhile", "TemperaturIfElseWhile\TemperaturIfElseWhile.csproj", "{8AF6EDB8-7F4F-4C9A-B6F0-ECEF1585DDB7}"
EndProject
Global
	GlobalSection(SolutionConfigurationPlatforms) = preSolution
		Debug|Any CPU = Debug|Any CPU
		Release|Any CPU = Release|Any CPU
	EndGlobalSection
	GlobalSection(ProjectConfigurationPlatforms) = postSolution
		{8AF6EDB8-7F4F-4C9A-B6F0-ECEF1585DDB7}.Debug|Any CPU.ActiveCfg = Debug|Any CPU
		{8AF6EDB8-7F4F-4C9A-B6F0-ECEF1585DDB7}.Debug|Any CPU.Build.0 = Debug|Any CPU
		{8AF6EDB8-7F4F-4C9A-B6F0-ECEF1585DDB7}.Release|Any CPU.ActiveCfg = Release|Any CPU
		{8AF6EDB8-7F4F-4C9A-B6F0-ECEF1585DDB7}.Release|Any CPU.Build.0 = Release|Any CPU
	EndGlobalSection
	GlobalSection(SolutionProperties) = preSolution
		HideSolutionNode = FALSE
	EndGlobalSection
	GlobalSection(ExtensibilityGlobals) = postSolution
		SolutionGuid = {8EF4E87C-230A-4064-8B75-5D18D19EDD6E}
	EndGlobalSection
EndGlobal
